{
  "name": "internship",
  "version": "1.0.0",
  "lockfileVersion": 3,
  "requires": true,
  "packages": {
    "": {
      "name": "internship",
      "version": "1.0.0",
      "license": "ISC",
      "devDependencies": {
        "@types/angular": "^1.8.9"
      }
    },
    "node_modules/@types/angular": {
      "version": "1.8.9",
      "resolved": "https://registry.npmjs.org/@types/angular/-/angular-1.8.9.tgz",
      "integrity": "sha512-Z0HukqZkx0fotsV3QO00yqU9NzcQI+tMcrum+8MvfB4ePqCawZctF/gz6QiuII+T1ax+LitNoPx/eICTgnF4sg==",
      "dev": true,
      "license": "MIT"
    }
  }
}
